
Microsoft Visual Studio Solution File, Format Version 12.00
# Visual Studio Version 16
VisualStudioVersion = 16.0.31025.194
MinimumVisualStudioVersion = 10.0.40219.1
Project("{FAE04EC0-301F-11D3-BF4B-00C04F79EFBC}") = "chat1", "chat1\chat1.csproj", "{850B3AAE-7CAC-41D0-86CF-BEA216CF11BC}"
EndProject
Global
	GlobalSection(SolutionConfigurationPlatforms) = preSolution
		Debug|Any CPU = Debug|Any CPU
		Release|Any CPU = Release|Any CPU
	EndGlobalSection
	GlobalSection(ProjectConfigurationPlatforms) = postSolution
		{850B3AAE-7CAC-41D0-86CF-BEA216CF11BC}.Debug|Any CPU.ActiveCfg = Debug|Any CPU
		{850B3AAE-7CAC-41D0-86CF-BEA216CF11BC}.Debug|Any CPU.Build.0 = Debug|Any CPU
		{850B3AAE-7CAC-41D0-86CF-BEA216CF11BC}.Release|Any CPU.ActiveCfg = Release|Any CPU
		{850B3AAE-7CAC-41D0-86CF-BEA216CF11BC}.Release|Any CPU.Build.0 = Release|Any CPU
	EndGlobalSection
	GlobalSection(SolutionProperties) = preSolution
		HideSolutionNode = FALSE
	EndGlobalSection
	GlobalSection(ExtensibilityGlobals) = postSolution
		SolutionGuid = {A23DB7AA-527C-4369-9AA2-B8656899B430}
	EndGlobalSection
EndGlobal
